// !$*UTF8*$!
{
	archiveVersion = 1;
	classes = {
	};
	objectVersion = 56;
	objects = {

/* Begin PBXBuildFile section */
		70591BB229FE401600520FB8 /* AppDelegate.swift in Sources */ = {isa = PBXBuildFile; fileRef = 70591BB129FE401600520FB8 /* AppDelegate.swift */; };
		70591BB429FE401600520FB8 /* SceneDelegate.swift in Sources */ = {isa = PBXBuildFile; fileRef = 70591BB329FE401600520FB8 /* SceneDelegate.swift */; };
		70591BB929FE401600520FB8 /* Main.storyboard in Resources */ = {isa = PBXBuildFile; fileRef = 70591BB729FE401600520FB8 /* Main.storyboard */; };
		70591BBB29FE401800520FB8 /* Assets.xcassets in Resources */ = {isa = PBXBuildFile; fileRef = 70591BBA29FE401800520FB8 /* Assets.xcassets */; };
		70591BBE29FE401800520FB8 /* LaunchScreen.storyboard in Resources */ = {isa = PBXBuildFile; fileRef = 70591BBC29FE401800520FB8 /* LaunchScreen.storyboard */; };
		70591BC929FE401800520FB8 /* SampleAppUsingViperTests.swift in Sources */ = {isa = PBXBuildFile; fileRef = 70591BC829FE401800520FB8 /* SampleAppUsingViperTests.swift */; };
		70591BD329FE401800520FB8 /* SampleAppUsingViperUITests.swift in Sources */ = {isa = PBXBuildFile; fileRef = 70591BD229FE401800520FB8 /* SampleAppUsingViperUITests.swift */; };
		70591BD529FE401800520FB8 /* SampleAppUsingViperUITestsLaunchTests.swift in Sources */ = {isa = PBXBuildFile; fileRef = 70591BD429FE401800520FB8 /* SampleAppUsingViperUITestsLaunchTests.swift */; };
		70591BE329FE449A00520FB8 /* CatEntity.swift in Sources */ = {isa = PBXBuildFile; fileRef = 70591BE229FE449A00520FB8 /* CatEntity.swift */; };
		70A11DA929FEFA7A00E88C44 /* CatListProtocols.swift in Sources */ = {isa = PBXBuildFile; fileRef = 70A11DA829FEFA7A00E88C44 /* CatListProtocols.swift */; };
		70A11DAB29FEFD6400E88C44 /* CatListViewController.swift in Sources */ = {isa = PBXBuildFile; fileRef = 70A11DAA29FEFD6400E88C44 /* CatListViewController.swift */; };
		70A11DAE29FEFE5A00E88C44 /* Extension+UITableView.swift in Sources */ = {isa = PBXBuildFile; fileRef = 70A11DAD29FEFE5A00E88C44 /* Extension+UITableView.swift */; };
		70A11DB029FF57B800E88C44 /* CatListPresenter.swift in Sources */ = {isa = PBXBuildFile; fileRef = 70A11DAF29FF57B800E88C44 /* CatListPresenter.swift */; };
		70A11DB329FF598000E88C44 /* CatListCell.swift in Sources */ = {isa = PBXBuildFile; fileRef = 70A11DB229FF598000E88C44 /* CatListCell.swift */; };
		70A11DB629FF5C1900E88C44 /* NetworkService.swift in Sources */ = {isa = PBXBuildFile; fileRef = 70A11DB529FF5C1900E88C44 /* NetworkService.swift */; };
		70A11DB829FF5C6000E88C44 /* CatListRouter.swift in Sources */ = {isa = PBXBuildFile; fileRef = 70A11DB729FF5C6000E88C44 /* CatListRouter.swift */; };
		70A11DBA29FF5C8000E88C44 /* CatListInteractor.swift in Sources */ = {isa = PBXBuildFile; fileRef = 70A11DB929FF5C8000E88C44 /* CatListInteractor.swift */; };
		70A11DBC29FF674A00E88C44 /* Extension+UIStoryboard.swift in Sources */ = {isa = PBXBuildFile; fileRef = 70A11DBB29FF674A00E88C44 /* Extension+UIStoryboard.swift */; };
		70A11DBF29FF67B000E88C44 /* StoryboardIdentifiable.swift in Sources */ = {isa = PBXBuildFile; fileRef = 70A11DBE29FF67B000E88C44 /* StoryboardIdentifiable.swift */; };
		70A11DC229FF719600E88C44 /* CatListCell.xib in Resources */ = {isa = PBXBuildFile; fileRef = 70A11DC129FF719600E88C44 /* CatListCell.xib */; };
		70B513BC2A00C3B3002241A1 /* CatDetailProtocols.swift in Sources */ = {isa = PBXBuildFile; fileRef = 70B513BB2A00C3B3002241A1 /* CatDetailProtocols.swift */; };
		70B513BE2A00C717002241A1 /* CatDetailViewController.swift in Sources */ = {isa = PBXBuildFile; fileRef = 70B513BD2A00C717002241A1 /* CatDetailViewController.swift */; };
		70B513C02A00C786002241A1 /* CatDetailPresenter.swift in Sources */ = {isa = PBXBuildFile; fileRef = 70B513BF2A00C786002241A1 /* CatDetailPresenter.swift */; };
		70B513C22A00C78E002241A1 /* CatDetailRouter.swift in Sources */ = {isa = PBXBuildFile; fileRef = 70B513C12A00C78E002241A1 /* CatDetailRouter.swift */; };
		70B513C42A00C796002241A1 /* CatDetailInteractor.swift in Sources */ = {isa = PBXBuildFile; fileRef = 70B513C32A00C796002241A1 /* CatDetailInteractor.swift */; };
/* End PBXBuildFile section */

/* Begin PBXContainerItemProxy section */
		70591BC529FE401800520FB8 /* PBXContainerItemProxy */ = {
			isa = PBXContainerItemProxy;
			containerPortal = 70591BA629FE401600520FB8 /* Project object */;
			proxyType = 1;
			remoteGlobalIDString = 70591BAD29FE401600520FB8;
			remoteInfo = SampleAppUsingViper;
		};
		70591BCF29FE401800520FB8 /* PBXContainerItemProxy */ = {
			isa = PBXContainerItemProxy;
			containerPortal = 70591BA629FE401600520FB8 /* Project object */;
			proxyType = 1;
			remoteGlobalIDString = 70591BAD29FE401600520FB8;
			remoteInfo = SampleAppUsingViper;
		};
/* End PBXContainerItemProxy section */

/* Begin PBXFileReference section */
		70591BAE29FE401600520FB8 /* SampleAppUsingViper.app */ = {isa = PBXFileReference; explicitFileType = wrapper.application; includeInIndex = 0; path = SampleAppUsingViper.app; sourceTree = BUILT_PRODUCTS_DIR; };
		70591BB129FE401600520FB8 /* AppDelegate.swift */ = {isa = PBXFileReference; lastKnownFileType = sourcecode.swift; path = AppDelegate.swift; sourceTree = "<group>"; };
		70591BB329FE401600520FB8 /* SceneDelegate.swift */ = {isa = PBXFileReference; lastKnownFileType = sourcecode.swift; path = SceneDelegate.swift; sourceTree = "<group>"; };
		70591BB829FE401600520FB8 /* Base */ = {isa = PBXFileReference; lastKnownFileType = file.storyboard; name = Base; path = Base.lproj/Main.storyboard; sourceTree = "<group>"; };
		70591BBA29FE401800520FB8 /* Assets.xcassets */ = {isa = PBXFileReference; lastKnownFileType = folder.assetcatalog; path = Assets.xcassets; sourceTree = "<group>"; };
		70591BBD29FE401800520FB8 /* Base */ = {isa = PBXFileReference; lastKnownFileType = file.storyboard; name = Base; path = Base.lproj/LaunchScreen.storyboard; sourceTree = "<group>"; };
		70591BBF29FE401800520FB8 /* Info.plist */ = {isa = PBXFileReference; lastKnownFileType = text.plist.xml; path = Info.plist; sourceTree = "<group>"; };
		70591BC429FE401800520FB8 /* SampleAppUsingViperTests.xctest */ = {isa = PBXFileReference; explicitFileType = wrapper.cfbundle; includeInIndex = 0; path = SampleAppUsingViperTests.xctest; sourceTree = BUILT_PRODUCTS_DIR; };
		70591BC829FE401800520FB8 /* SampleAppUsingViperTests.swift */ = {isa = PBXFileReference; lastKnownFileType = sourcecode.swift; path = SampleAppUsingViperTests.swift; sourceTree = "<group>"; };
		70591BCE29FE401800520FB8 /* SampleAppUsingViperUITests.xctest */ = {isa = PBXFileReference; explicitFileType = wrapper.cfbundle; includeInIndex = 0; path = SampleAppUsingViperUITests.xctest; sourceTree = BUILT_PRODUCTS_DIR; };
		70591BD229FE401800520FB8 /* SampleAppUsingViperUITests.swift */ = {isa = PBXFileReference; lastKnownFileType = sourcecode.swift; path = SampleAppUsingViperUITests.swift; sourceTree = "<group>"; };
		70591BD429FE401800520FB8 /* SampleAppUsingViperUITestsLaunchTests.swift */ = {isa = PBXFileReference; lastKnownFileType = sourcecode.swift; path = SampleAppUsingViperUITestsLaunchTests.swift; sourceTree = "<group>"; };
		70591BE229FE449A00520FB8 /* CatEntity.swift */ = {isa = PBXFileReference; lastKnownFileType = sourcecode.swift; path = CatEntity.swift; sourceTree = "<group>"; };
		70A11DA829FEFA7A00E88C44 /* CatListProtocols.swift */ = {isa = PBXFileReference; lastKnownFileType = sourcecode.swift; path = CatListProtocols.swift; sourceTree = "<group>"; };
		70A11DAA29FEFD6400E88C44 /* CatListViewController.swift */ = {isa = PBXFileReference; lastKnownFileType = sourcecode.swift; path = CatListViewController.swift; sourceTree = "<group>"; };
		70A11DAD29FEFE5A00E88C44 /* Extension+UITableView.swift */ = {isa = PBXFileReference; lastKnownFileType = sourcecode.swift; path = "Extension+UITableView.swift"; sourceTree = "<group>"; };
		70A11DAF29FF57B800E88C44 /* CatListPresenter.swift */ = {isa = PBXFileReference; lastKnownFileType = sourcecode.swift; path = CatListPresenter.swift; sourceTree = "<group>"; };
		70A11DB229FF598000E88C44 /* CatListCell.swift */ = {isa = PBXFileReference; lastKnownFileType = sourcecode.swift; path = CatListCell.swift; sourceTree = "<group>"; };
		70A11DB529FF5C1900E88C44 /* NetworkService.swift */ = {isa = PBXFileReference; lastKnownFileType = sourcecode.swift; path = NetworkService.swift; sourceTree = "<group>"; };
		70A11DB729FF5C6000E88C44 /* CatListRouter.swift */ = {isa = PBXFileReference; lastKnownFileType = sourcecode.swift; path = CatListRouter.swift; sourceTree = "<group>"; };
		70A11DB929FF5C8000E88C44 /* CatListInteractor.swift */ = {isa = PBXFileReference; lastKnownFileType = sourcecode.swift; path = CatListInteractor.swift; sourceTree = "<group>"; };
		70A11DBB29FF674A00E88C44 /* Extension+UIStoryboard.swift */ = {isa = PBXFileReference; lastKnownFileType = sourcecode.swift; path = "Extension+UIStoryboard.swift"; sourceTree = "<group>"; };
		70A11DBE29FF67B000E88C44 /* StoryboardIdentifiable.swift */ = {isa = PBXFileReference; lastKnownFileType = sourcecode.swift; path = StoryboardIdentifiable.swift; sourceTree = "<group>"; };
		70A11DC129FF719600E88C44 /* CatListCell.xib */ = {isa = PBXFileReference; lastKnownFileType = file.xib; path = CatListCell.xib; sourceTree = "<group>"; };
		70B513BB2A00C3B3002241A1 /* CatDetailProtocols.swift */ = {isa = PBXFileReference; lastKnownFileType = sourcecode.swift; path = CatDetailProtocols.swift; sourceTree = "<group>"; };
		70B513BD2A00C717002241A1 /* CatDetailViewController.swift */ = {isa = PBXFileReference; lastKnownFileType = sourcecode.swift; path = CatDetailViewController.swift; sourceTree = "<group>"; };
		70B513BF2A00C786002241A1 /* CatDetailPresenter.swift */ = {isa = PBXFileReference; lastKnownFileType = sourcecode.swift; path = CatDetailPresenter.swift; sourceTree = "<group>"; };
		70B513C12A00C78E002241A1 /* CatDetailRouter.swift */ = {isa = PBXFileReference; lastKnownFileType = sourcecode.swift; path = CatDetailRouter.swift; sourceTree = "<group>"; };
		70B513C32A00C796002241A1 /* CatDetailInteractor.swift */ = {isa = PBXFileReference; lastKnownFileType = sourcecode.swift; path = CatDetailInteractor.swift; sourceTree = "<group>"; };
/* End PBXFileReference section */

/* Begin PBXFrameworksBuildPhase section */
		70591BAB29FE401600520FB8 /* Frameworks */ = {
			isa = PBXFrameworksBuildPhase;
			buildActionMask = 2147483647;
			files = (
			);
			runOnlyForDeploymentPostprocessing = 0;
		};
		70591BC129FE401800520FB8 /* Frameworks */ = {
			isa = PBXFrameworksBuildPhase;
			buildActionMask = 2147483647;
			files = (
			);
			runOnlyForDeploymentPostprocessing = 0;
		};
		70591BCB29FE401800520FB8 /* Frameworks */ = {
			isa = PBXFrameworksBuildPhase;
			buildActionMask = 2147483647;
			files = (
			);
			runOnlyForDeploymentPostprocessing = 0;
		};
/* End PBXFrameworksBuildPhase section */

/* Begin PBXGroup section */
		70591BA529FE401600520FB8 = {
			isa = PBXGroup;
			children = (
				70591BB029FE401600520FB8 /* SampleAppUsingViper */,
				70591BC729FE401800520FB8 /* SampleAppUsingViperTests */,
				70591BD129FE401800520FB8 /* SampleAppUsingViperUITests */,
				70591BAF29FE401600520FB8 /* Products */,
			);
			sourceTree = "<group>";
		};
		70591BAF29FE401600520FB8 /* Products */ = {
			isa = PBXGroup;
			children = (
				70591BAE29FE401600520FB8 /* SampleAppUsingViper.app */,
				70591BC429FE401800520FB8 /* SampleAppUsingViperTests.xctest */,
				70591BCE29FE401800520FB8 /* SampleAppUsingViperUITests.xctest */,
			);
			name = Products;
			sourceTree = "<group>";
		};
		70591BB029FE401600520FB8 /* SampleAppUsingViper */ = {
			isa = PBXGroup;
			children = (
				70A11DC029FF6FCA00E88C44 /* Views */,
				70A11DBD29FF67A000E88C44 /* Protocols */,
				70A11DB429FF5B2F00E88C44 /* Network */,
				70A11DAC29FEFE1200E88C44 /* Extensions */,
				70591BE129FE448E00520FB8 /* CatList */,
				70B513BA2A00C2D2002241A1 /* CatDetails */,
				70591BB129FE401600520FB8 /* AppDelegate.swift */,
				70591BB329FE401600520FB8 /* SceneDelegate.swift */,
				70591BB729FE401600520FB8 /* Main.storyboard */,
				70591BBA29FE401800520FB8 /* Assets.xcassets */,
				70591BBC29FE401800520FB8 /* LaunchScreen.storyboard */,
				70591BBF29FE401800520FB8 /* Info.plist */,
			);
			path = SampleAppUsingViper;
			sourceTree = "<group>";
		};
		70591BC729FE401800520FB8 /* SampleAppUsingViperTests */ = {
			isa = PBXGroup;
			children = (
				70591BC829FE401800520FB8 /* SampleAppUsingViperTests.swift */,
			);
			path = SampleAppUsingViperTests;
			sourceTree = "<group>";
		};
		70591BD129FE401800520FB8 /* SampleAppUsingViperUITests */ = {
			isa = PBXGroup;
			children = (
				70591BD229FE401800520FB8 /* SampleAppUsingViperUITests.swift */,
				70591BD429FE401800520FB8 /* SampleAppUsingViperUITestsLaunchTests.swift */,
			);
			path = SampleAppUsingViperUITests;
			sourceTree = "<group>";
		};
		70591BE129FE448E00520FB8 /* CatList */ = {
			isa = PBXGroup;
			children = (
				70591BE229FE449A00520FB8 /* CatEntity.swift */,
				70A11DA829FEFA7A00E88C44 /* CatListProtocols.swift */,
				70A11DAA29FEFD6400E88C44 /* CatListViewController.swift */,
				70A11DAF29FF57B800E88C44 /* CatListPresenter.swift */,
				70A11DB729FF5C6000E88C44 /* CatListRouter.swift */,
				70A11DB929FF5C8000E88C44 /* CatListInteractor.swift */,
			);
			path = CatList;
			sourceTree = "<group>";
		};
		70A11DAC29FEFE1200E88C44 /* Extensions */ = {
			isa = PBXGroup;
			children = (
				70A11DAD29FEFE5A00E88C44 /* Extension+UITableView.swift */,
				70A11DBB29FF674A00E88C44 /* Extension+UIStoryboard.swift */,
			);
			path = Extensions;
			sourceTree = "<group>";
		};
		70A11DB429FF5B2F00E88C44 /* Network */ = {
			isa = PBXGroup;
			children = (
				70A11DB529FF5C1900E88C44 /* NetworkService.swift */,
			);
			path = Network;
			sourceTree = "<group>";
		};
		70A11DBD29FF67A000E88C44 /* Protocols */ = {
			isa = PBXGroup;
			children = (
				70A11DBE29FF67B000E88C44 /* StoryboardIdentifiable.swift */,
			);
			path = Protocols;
			sourceTree = "<group>";
		};
		70A11DC029FF6FCA00E88C44 /* Views */ = {
			isa = PBXGroup;
			children = (
				70A11DB229FF598000E88C44 /* CatListCell.swift */,
				70A11DC129FF719600E88C44 /* CatListCell.xib */,
			);
			path = Views;
			sourceTree = "<group>";
		};
		70B513BA2A00C2D2002241A1 /* CatDetails */ = {
			isa = PBXGroup;
			children = (
				70B513BB2A00C3B3002241A1 /* CatDetailProtocols.swift */,
				70B513BD2A00C717002241A1 /* CatDetailViewController.swift */,
				70B513BF2A00C786002241A1 /* CatDetailPresenter.swift */,
				70B513C12A00C78E002241A1 /* CatDetailRouter.swift */,
				70B513C32A00C796002241A1 /* CatDetailInteractor.swift */,
			);
			path = CatDetails;
			sourceTree = "<group>";
		};
/* End PBXGroup section */

/* Begin PBXNativeTarget section */
		70591BAD29FE401600520FB8 /* SampleAppUsingViper */ = {
			isa = PBXNativeTarget;
			buildConfigurationList = 70591BD829FE401800520FB8 /* Build configuration list for PBXNativeTarget "SampleAppUsingViper" */;
			buildPhases = (
				70591BAA29FE401600520FB8 /* Sources */,
				70591BAB29FE401600520FB8 /* Frameworks */,
				70591BAC29FE401600520FB8 /* Resources */,
			);
			buildRules = (
			);
			dependencies = (
			);
			name = SampleAppUsingViper;
			productName = SampleAppUsingViper;
			productReference = 70591BAE29FE401600520FB8 /* SampleAppUsingViper.app */;
			productType = "com.apple.product-type.application";
		};
		70591BC329FE401800520FB8 /* SampleAppUsingViperTests */ = {
			isa = PBXNativeTarget;
			buildConfigurationList = 70591BDB29FE401800520FB8 /* Build configuration list for PBXNativeTarget "SampleAppUsingViperTests" */;
			buildPhases = (
				70591BC029FE401800520FB8 /* Sources */,
				70591BC129FE401800520FB8 /* Frameworks */,
				70591BC229FE401800520FB8 /* Resources */,
			);
			buildRules = (
			);
			dependencies = (
				70591BC629FE401800520FB8 /* PBXTargetDependency */,
			);
			name = SampleAppUsingViperTests;
			productName = SampleAppUsingViperTests;
			productReference = 70591BC429FE401800520FB8 /* SampleAppUsingViperTests.xctest */;
			productType = "com.apple.product-type.bundle.unit-test";
		};
		70591BCD29FE401800520FB8 /* SampleAppUsingViperUITests */ = {
			isa = PBXNativeTarget;
			buildConfigurationList = 70591BDE29FE401800520FB8 /* Build configuration list for PBXNativeTarget "SampleAppUsingViperUITests" */;
			buildPhases = (
				70591BCA29FE401800520FB8 /* Sources */,
				70591BCB29FE401800520FB8 /* Frameworks */,
				70591BCC29FE401800520FB8 /* Resources */,
			);
			buildRules = (
			);
			dependencies = (
				70591BD029FE401800520FB8 /* PBXTargetDependency */,
			);
			name = SampleAppUsingViperUITests;
			productName = SampleAppUsingViperUITests;
			productReference = 70591BCE29FE401800520FB8 /* SampleAppUsingViperUITests.xctest */;
			productType = "com.apple.product-type.bundle.ui-testing";
		};
/* End PBXNativeTarget section */

/* Begin PBXProject section */
		70591BA629FE401600520FB8 /* Project object */ = {
			isa = PBXProject;
			attributes = {
				BuildIndependentTargetsInParallel = 1;
				LastSwiftUpdateCheck = 1430;
				LastUpgradeCheck = 1430;
				TargetAttributes = {
					70591BAD29FE401600520FB8 = {
						CreatedOnToolsVersion = 14.3;
					};
					70591BC329FE401800520FB8 = {
						CreatedOnToolsVersion = 14.3;
						TestTargetID = 70591BAD29FE401600520FB8;
					};
					70591BCD29FE401800520FB8 = {
						CreatedOnToolsVersion = 14.3;
						TestTargetID = 70591BAD29FE401600520FB8;
					};
				};
			};
			buildConfigurationList = 70591BA929FE401600520FB8 /* Build configuration list for PBXProject "SampleAppUsingViper" */;
			compatibilityVersion = "Xcode 14.0";
			developmentRegion = en;
			hasScannedForEncodings = 0;
			knownRegions = (
				en,
				Base,
			);
			mainGroup = 70591BA529FE401600520FB8;
			productRefGroup = 70591BAF29FE401600520FB8 /* Products */;
			projectDirPath = "";
			projectRoot = "";
			targets = (
				70591BAD29FE401600520FB8 /* SampleAppUsingViper */,
				70591BC329FE401800520FB8 /* SampleAppUsingViperTests */,
				70591BCD29FE401800520FB8 /* SampleAppUsingViperUITests */,
			);
		};
/* End PBXProject section */

/* Begin PBXResourcesBuildPhase section */
		70591BAC29FE401600520FB8 /* Resources */ = {
			isa = PBXResourcesBuildPhase;
			buildActionMask = 2147483647;
			files = (
				70A11DC229FF719600E88C44 /* CatListCell.xib in Resources */,
				70591BBE29FE401800520FB8 /* LaunchScreen.storyboard in Resources */,
				70591BBB29FE401800520FB8 /* Assets.xcassets in Resources */,
				70591BB929FE401600520FB8 /* Main.storyboard in Resources */,
			);
			runOnlyForDeploymentPostprocessing = 0;
		};
		70591BC229FE401800520FB8 /* Resources */ = {
			isa = PBXResourcesBuildPhase;
			buildActionMask = 2147483647;
			files = (
			);
			runOnlyForDeploymentPostprocessing = 0;
		};
		70591BCC29FE401800520FB8 /* Resources */ = {
			isa = PBXResourcesBuildPhase;
			buildActionMask = 2147483647;
			files = (
			);
			runOnlyForDeploymentPostprocessing = 0;
		};
/* End PBXResourcesBuildPhase section */

/* Begin PBXSourcesBuildPhase section */
		70591BAA29FE401600520FB8 /* Sources */ = {
			isa = PBXSourcesBuildPhase;
			buildActionMask = 2147483647;
			files = (
				70A11DBF29FF67B000E88C44 /* StoryboardIdentifiable.swift in Sources */,
				70A11DB629FF5C1900E88C44 /* NetworkService.swift in Sources */,
				70B513BE2A00C717002241A1 /* CatDetailViewController.swift in Sources */,
				70A11DA929FEFA7A00E88C44 /* CatListProtocols.swift in Sources */,
				70B513C42A00C796002241A1 /* CatDetailInteractor.swift in Sources */,
				70B513C22A00C78E002241A1 /* CatDetailRouter.swift in Sources */,
				70A11DAE29FEFE5A00E88C44 /* Extension+UITableView.swift in Sources */,
				70A11DB829FF5C6000E88C44 /* CatListRouter.swift in Sources */,
				70B513C02A00C786002241A1 /* CatDetailPresenter.swift in Sources */,
				70A11DBA29FF5C8000E88C44 /* CatListInteractor.swift in Sources */,
				70591BE329FE449A00520FB8 /* CatEntity.swift in Sources */,
				70A11DAB29FEFD6400E88C44 /* CatListViewController.swift in Sources */,
				70A11DB329FF598000E88C44 /* CatListCell.swift in Sources */,
				70A11DB029FF57B800E88C44 /* CatListPresenter.swift in Sources */,
				70A11DBC29FF674A00E88C44 /* Extension+UIStoryboard.swift in Sources */,
				70591BB229FE401600520FB8 /* AppDelegate.swift in Sources */,
				70591BB429FE401600520FB8 /* SceneDelegate.swift in Sources */,
				70B513BC2A00C3B3002241A1 /* CatDetailProtocols.swift in Sources */,
			);
			runOnlyForDeploymentPostprocessing = 0;
		};
		70591BC029FE401800520FB8 /* Sources */ = {
			isa = PBXSourcesBuildPhase;
			buildActionMask = 2147483647;
			files = (
				70591BC929FE401800520FB8 /* SampleAppUsingViperTests.swift in Sources */,
			);
			runOnlyForDeploymentPostprocessing = 0;
		};
		70591BCA29FE401800520FB8 /* Sources */ = {
			isa = PBXSourcesBuildPhase;
			buildActionMask = 2147483647;
			files = (
				70591BD529FE401800520FB8 /* SampleAppUsingViperUITestsLaunchTests.swift in Sources */,
				70591BD329FE401800520FB8 /* SampleAppUsingViperUITests.swift in Sources */,
			);
			runOnlyForDeploymentPostprocessing = 0;
		};
/* End PBXSourcesBuildPhase section */

/* Begin PBXTargetDependency section */
		70591BC629FE401800520FB8 /* PBXTargetDependency */ = {
			isa = PBXTargetDependency;
			target = 70591BAD29FE401600520FB8 /* SampleAppUsingViper */;
			targetProxy = 70591BC529FE401800520FB8 /* PBXContainerItemProxy */;
		};
		70591BD029FE401800520FB8 /* PBXTargetDependency */ = {
			isa = PBXTargetDependency;
			target = 70591BAD29FE401600520FB8 /* SampleAppUsingViper */;
			targetProxy = 70591BCF29FE401800520FB8 /* PBXContainerItemProxy */;
		};
/* End PBXTargetDependency section */

/* Begin PBXVariantGroup section */
		70591BB729FE401600520FB8 /* Main.storyboard */ = {
			isa = PBXVariantGroup;
			children = (
				70591BB829FE401600520FB8 /* Base */,
			);
			name = Main.storyboard;
			sourceTree = "<group>";
		};
		70591BBC29FE401800520FB8 /* LaunchScreen.storyboard */ = {
			isa = PBXVariantGroup;
			children = (
				70591BBD29FE401800520FB8 /* Base */,
			);
			name = LaunchScreen.storyboard;
			sourceTree = "<group>";
		};
/* End PBXVariantGroup section */

/* Begin XCBuildConfiguration section */
		70591BD629FE401800520FB8 /* Debug */ = {
			isa = XCBuildConfiguration;
			buildSettings = {
				ALWAYS_SEARCH_USER_PATHS = NO;
				CLANG_ANALYZER_NONNULL = YES;
				CLANG_ANALYZER_NUMBER_OBJECT_CONVERSION = YES_AGGRESSIVE;
				CLANG_CXX_LANGUAGE_STANDARD = "gnu++20";
				CLANG_ENABLE_MODULES = YES;
				CLANG_ENABLE_OBJC_ARC = YES;
				CLANG_ENABLE_OBJC_WEAK = YES;
				CLANG_WARN_BLOCK_CAPTURE_AUTORELEASING = YES;
				CLANG_WARN_BOOL_CONVERSION = YES;
				CLANG_WARN_COMMA = YES;
				CLANG_WARN_CONSTANT_CONVERSION = YES;
				CLANG_WARN_DEPRECATED_OBJC_IMPLEMENTATIONS = YES;
				CLANG_WARN_DIRECT_OBJC_ISA_USAGE = YES_ERROR;
				CLANG_WARN_DOCUMENTATION_COMMENTS = YES;
				CLANG_WARN_EMPTY_BODY = YES;
				CLANG_WARN_ENUM_CONVERSION = YES;
				CLANG_WARN_INFINITE_RECURSION = YES;
				CLANG_WARN_INT_CONVERSION = YES;
				CLANG_WARN_NON_LITERAL_NULL_CONVERSION = YES;
				CLANG_WARN_OBJC_IMPLICIT_RETAIN_SELF = YES;
				CLANG_WARN_OBJC_LITERAL_CONVERSION = YES;
				CLANG_WARN_OBJC_ROOT_CLASS = YES_ERROR;
				CLANG_WARN_QUOTED_INCLUDE_IN_FRAMEWORK_HEADER = YES;
				CLANG_WARN_RANGE_LOOP_ANALYSIS = YES;
				CLANG_WARN_STRICT_PROTOTYPES = YES;
				CLANG_WARN_SUSPICIOUS_MOVE = YES;
				CLANG_WARN_UNGUARDED_AVAILABILITY = YES_AGGRESSIVE;
				CLANG_WARN_UNREACHABLE_CODE = YES;
				CLANG_WARN__DUPLICATE_METHOD_MATCH = YES;
				COPY_PHASE_STRIP = NO;
				DEBUG_INFORMATION_FORMAT = dwarf;
				ENABLE_STRICT_OBJC_MSGSEND = YES;
				ENABLE_TESTABILITY = YES;
				GCC_C_LANGUAGE_STANDARD = gnu11;
				GCC_DYNAMIC_NO_PIC = NO;
				GCC_NO_COMMON_BLOCKS = YES;
				GCC_OPTIMIZATION_LEVEL = 0;
				GCC_PREPROCESSOR_DEFINITIONS = (
					"DEBUG=1",
					"$(inherited)",
				);
				GCC_WARN_64_TO_32_BIT_CONVERSION = YES;
				GCC_WARN_ABOUT_RETURN_TYPE = YES_ERROR;
				GCC_WARN_UNDECLARED_SELECTOR = YES;
				GCC_WARN_UNINITIALIZED_AUTOS = YES_AGGRESSIVE;
				GCC_WARN_UNUSED_FUNCTION = YES;
				GCC_WARN_UNUSED_VARIABLE = YES;
				IPHONEOS_DEPLOYMENT_TARGET = 16.4;
				MTL_ENABLE_DEBUG_INFO = INCLUDE_SOURCE;
				MTL_FAST_MATH = YES;
				ONLY_ACTIVE_ARCH = YES;
				SDKROOT = iphoneos;
				SWIFT_ACTIVE_COMPILATION_CONDITIONS = DEBUG;
				SWIFT_OPTIMIZATION_LEVEL = "-Onone";
			};
			name = Debug;
		};
		70591BD729FE401800520FB8 /* Release */ = {
			isa = XCBuildConfiguration;
			buildSettings = {
				ALWAYS_SEARCH_USER_PATHS = NO;
				CLANG_ANALYZER_NONNULL = YES;
				CLANG_ANALYZER_NUMBER_OBJECT_CONVERSION = YES_AGGRESSIVE;
				CLANG_CXX_LANGUAGE_STANDARD = "gnu++20";
				CLANG_ENABLE_MODULES = YES;
				CLANG_ENABLE_OBJC_ARC = YES;
				CLANG_ENABLE_OBJC_WEAK = YES;
				CLANG_WARN_BLOCK_CAPTURE_AUTORELEASING = YES;
				CLANG_WARN_BOOL_CONVERSION = YES;
				CLANG_WARN_COMMA = YES;
				CLANG_WARN_CONSTANT_CONVERSION = YES;
				CLANG_WARN_DEPRECATED_OBJC_IMPLEMENTATIONS = YES;
				CLANG_WARN_DIRECT_OBJC_ISA_USAGE = YES_ERROR;
				CLANG_WARN_DOCUMENTATION_COMMENTS = YES;
				CLANG_WARN_EMPTY_BODY = YES;
				CLANG_WARN_ENUM_CONVERSION = YES;
				CLANG_WARN_INFINITE_RECURSION = YES;
				CLANG_WARN_INT_CONVERSION = YES;
				CLANG_WARN_NON_LITERAL_NULL_CONVERSION = YES;
				CLANG_WARN_OBJC_IMPLICIT_RETAIN_SELF = YES;
				CLANG_WARN_OBJC_LITERAL_CONVERSION = YES;
				CLANG_WARN_OBJC_ROOT_CLASS = YES_ERROR;
				CLANG_WARN_QUOTED_INCLUDE_IN_FRAMEWORK_HEADER = YES;
				CLANG_WARN_RANGE_LOOP_ANALYSIS = YES;
				CLANG_WARN_STRICT_PROTOTYPES = YES;
				CLANG_WARN_SUSPICIOUS_MOVE = YES;
				CLANG_WARN_UNGUARDED_AVAILABILITY = YES_AGGRESSIVE;
				CLANG_WARN_UNREACHABLE_CODE = YES;
				CLANG_WARN__DUPLICATE_METHOD_MATCH = YES;
				COPY_PHASE_STRIP = NO;
				DEBUG_INFORMATION_FORMAT = "dwarf-with-dsym";
				ENABLE_NS_ASSERTIONS = NO;
				ENABLE_STRICT_OBJC_MSGSEND = YES;
				GCC_C_LANGUAGE_STANDARD = gnu11;
				GCC_NO_COMMON_BLOCKS = YES;
				GCC_WARN_64_TO_32_BIT_CONVERSION = YES;
				GCC_WARN_ABOUT_RETURN_TYPE = YES_ERROR;
				GCC_WARN_UNDECLARED_SELECTOR = YES;
				GCC_WARN_UNINITIALIZED_AUTOS = YES_AGGRESSIVE;
				GCC_WARN_UNUSED_FUNCTION = YES;
				GCC_WARN_UNUSED_VARIABLE = YES;
				IPHONEOS_DEPLOYMENT_TARGET = 16.4;
				MTL_ENABLE_DEBUG_INFO = NO;
				MTL_FAST_MATH = YES;
				SDKROOT = iphoneos;
				SWIFT_COMPILATION_MODE = wholemodule;
				SWIFT_OPTIMIZATION_LEVEL = "-O";
				VALIDATE_PRODUCT = YES;
			};
			name = Release;
		};
		70591BD929FE401800520FB8 /* Debug */ = {
			isa = XCBuildConfiguration;
			buildSettings = {
				ASSETCATALOG_COMPILER_APPICON_NAME = AppIcon;
				ASSETCATALOG_COMPILER_GLOBAL_ACCENT_COLOR_NAME = AccentColor;
				CODE_SIGN_STYLE = Automatic;
				CURRENT_PROJECT_VERSION = 1;
				GENERATE_INFOPLIST_FILE = YES;
				INFOPLIST_FILE = SampleAppUsingViper/Info.plist;
				INFOPLIST_KEY_UIApplicationSupportsIndirectInputEvents = YES;
				INFOPLIST_KEY_UILaunchStoryboardName = LaunchScreen;
				INFOPLIST_KEY_UIMainStoryboardFile = Main;
				INFOPLIST_KEY_UISupportedInterfaceOrientations_iPad = "UIInterfaceOrientationPortrait UIInterfaceOrientationPortraitUpsideDown UIInterfaceOrientationLandscapeLeft UIInterfaceOrientationLandscapeRight";
				INFOPLIST_KEY_UISupportedInterfaceOrientations_iPhone = "UIInterfaceOrientationPortrait UIInterfaceOrientationLandscapeLeft UIInterfaceOrientationLandscapeRight";
				LD_RUNPATH_SEARCH_PATHS = (
					"$(inherited)",
					"@executable_path/Frameworks",
				);
				MARKETING_VERSION = 1.0;
				PRODUCT_BUNDLE_IDENTIFIER = com.daniyal.TestDrivenDevelopment.SampleAppUsingViper;
				PRODUCT_NAME = "$(TARGET_NAME)";
				SWIFT_EMIT_LOC_STRINGS = YES;
				SWIFT_VERSION = 5.0;
				TARGETED_DEVICE_FAMILY = "1,2";
			};
			name = Debug;
		};
		70591BDA29FE401800520FB8 /* Release */ = {
			isa = XCBuildConfiguration;
			buildSettings = {
				ASSETCATALOG_COMPILER_APPICON_NAME = AppIcon;
				ASSETCATALOG_COMPILER_GLOBAL_ACCENT_COLOR_NAME = AccentColor;
				CODE_SIGN_STYLE = Automatic;
				CURRENT_PROJECT_VERSION = 1;
				GENERATE_INFOPLIST_FILE = YES;
				INFOPLIST_FILE = SampleAppUsingViper/Info.plist;
				INFOPLIST_KEY_UIApplicationSupportsIndirectInputEvents = YES;
				INFOPLIST_KEY_UILaunchStoryboardName = LaunchScreen;
				INFOPLIST_KEY_UIMainStoryboardFile = Main;
				INFOPLIST_KEY_UISupportedInterfaceOrientations_iPad = "UIInterfaceOrientationPortrait UIInterfaceOrientationPortraitUpsideDown UIInterfaceOrientationLandscapeLeft UIInterfaceOrientationLandscapeRight";
				INFOPLIST_KEY_UISupportedInterfaceOrientations_iPhone = "UIInterfaceOrientationPortrait UIInterfaceOrientationLandscapeLeft UIInterfaceOrientationLandscapeRight";
				LD_RUNPATH_SEARCH_PATHS = (
					"$(inherited)",
					"@executable_path/Frameworks",
				);
				MARKETING_VERSION = 1.0;
				PRODUCT_BUNDLE_IDENTIFIER = com.daniyal.TestDrivenDevelopment.SampleAppUsingViper;
				PRODUCT_NAME = "$(TARGET_NAME)";
				SWIFT_EMIT_LOC_STRINGS = YES;
				SWIFT_VERSION = 5.0;
				TARGETED_DEVICE_FAMILY = "1,2";
			};
			name = Release;
		};
		70591BDC29FE401800520FB8 /* Debug */ = {
			isa = XCBuildConfiguration;
			buildSettings = {
				ALWAYS_EMBED_SWIFT_STANDARD_LIBRARIES = YES;
				BUNDLE_LOADER = "$(TEST_HOST)";
				CODE_SIGN_STYLE = Automatic;
				CURRENT_PROJECT_VERSION = 1;
				GENERATE_INFOPLIST_FILE = YES;
				IPHONEOS_DEPLOYMENT_TARGET = 16.4;
				MARKETING_VERSION = 1.0;
				PRODUCT_BUNDLE_IDENTIFIER = com.daniyal.TestDrivenDevelopment.SampleAppUsingViperTests;
				PRODUCT_NAME = "$(TARGET_NAME)";
				SWIFT_EMIT_LOC_STRINGS = NO;
				SWIFT_VERSION = 5.0;
				TARGETED_DEVICE_FAMILY = "1,2";
				TEST_HOST = "$(BUILT_PRODUCTS_DIR)/SampleAppUsingViper.app/$(BUNDLE_EXECUTABLE_FOLDER_PATH)/SampleAppUsingViper";
			};
			name = Debug;
		};
		70591BDD29FE401800520FB8 /* Release */ = {
			isa = XCBuildConfiguration;
			buildSettings = {
				ALWAYS_EMBED_SWIFT_STANDARD_LIBRARIES = YES;
				BUNDLE_LOADER = "$(TEST_HOST)";
				CODE_SIGN_STYLE = Automatic;
				CURRENT_PROJECT_VERSION = 1;
				GENERATE_INFOPLIST_FILE = YES;
				IPHONEOS_DEPLOYMENT_TARGET = 16.4;
				MARKETING_VERSION = 1.0;
				PRODUCT_BUNDLE_IDENTIFIER = com.daniyal.TestDrivenDevelopment.SampleAppUsingViperTests;
				PRODUCT_NAME = "$(TARGET_NAME)";
				SWIFT_EMIT_LOC_STRINGS = NO;
				SWIFT_VERSION = 5.0;
				TARGETED_DEVICE_FAMILY = "1,2";
				TEST_HOST = "$(BUILT_PRODUCTS_DIR)/SampleAppUsingViper.app/$(BUNDLE_EXECUTABLE_FOLDER_PATH)/SampleAppUsingViper";
			};
			name = Release;
		};
		70591BDF29FE401800520FB8 /* Debug */ = {
			isa = XCBuildConfiguration;
			buildSettings = {
				ALWAYS_EMBED_SWIFT_STANDARD_LIBRARIES = YES;
				CODE_SIGN_STYLE = Automatic;
				CURRENT_PROJECT_VERSION = 1;
				GENERATE_INFOPLIST_FILE = YES;
				MARKETING_VERSION = 1.0;
				PRODUCT_BUNDLE_IDENTIFIER = com.daniyal.TestDrivenDevelopment.SampleAppUsingViperUITests;
				PRODUCT_NAME = "$(TARGET_NAME)";
				SWIFT_EMIT_LOC_STRINGS = NO;
				SWIFT_VERSION = 5.0;
				TARGETED_DEVICE_FAMILY = "1,2";
				TEST_TARGET_NAME = SampleAppUsingViper;
			};
			name = Debug;
		};
		70591BE029FE401800520FB8 /* Release */ = {
			isa = XCBuildConfiguration;
			buildSettings = {
				ALWAYS_EMBED_SWIFT_STANDARD_LIBRARIES = YES;
				CODE_SIGN_STYLE = Automatic;
				CURRENT_PROJECT_VERSION = 1;
				GENERATE_INFOPLIST_FILE = YES;
				MARKETING_VERSION = 1.0;
				PRODUCT_BUNDLE_IDENTIFIER = com.daniyal.TestDrivenDevelopment.SampleAppUsingViperUITests;
				PRODUCT_NAME = "$(TARGET_NAME)";
				SWIFT_EMIT_LOC_STRINGS = NO;
				SWIFT_VERSION = 5.0;
				TARGETED_DEVICE_FAMILY = "1,2";
				TEST_TARGET_NAME = SampleAppUsingViper;
			};
			name = Release;
		};
/* End XCBuildConfiguration section */

/* Begin XCConfigurationList section */
		70591BA929FE401600520FB8 /* Build configuration list for PBXProject "SampleAppUsingViper" */ = {
			isa = XCConfigurationList;
			buildConfigurations = (
				70591BD629FE401800520FB8 /* Debug */,
				70591BD729FE401800520FB8 /* Release */,
			);
			defaultConfigurationIsVisible = 0;
			defaultConfigurationName = Release;
		};
		70591BD829FE401800520FB8 /* Build configuration list for PBXNativeTarget "SampleAppUsingViper" */ = {
			isa = XCConfigurationList;
			buildConfigurations = (
				70591BD929FE401800520FB8 /* Debug */,
				70591BDA29FE401800520FB8 /* Release */,
			);
			defaultConfigurationIsVisible = 0;
			defaultConfigurationName = Release;
		};
		70591BDB29FE401800520FB8 /* Build configuration list for PBXNativeTarget "SampleAppUsingViperTests" */ = {
			isa = XCConfigurationList;
			buildConfigurations = (
				70591BDC29FE401800520FB8 /* Debug */,
				70591BDD29FE401800520FB8 /* Release */,
			);
			defaultConfigurationIsVisible = 0;
			defaultConfigurationName = Release;
		};
		70591BDE29FE401800520FB8 /* Build configuration list for PBXNativeTarget "SampleAppUsingViperUITests" */ = {
			isa = XCConfigurationList;
			buildConfigurations = (
				70591BDF29FE401800520FB8 /* Debug */,
				70591BE029FE401800520FB8 /* Release */,
			);
			defaultConfigurationIsVisible = 0;
			defaultConfigurationName = Release;
		};
/* End XCConfigurationList section */
	};
	rootObject = 70591BA629FE401600520FB8 /* Project object */;
}
